
Microsoft Visual Studio Solution File, Format Version 12.00
# Visual Studio 2013
VisualStudioVersion = 12.0.21005.1
MinimumVisualStudioVersion = 10.0.40219.1
Project("{FAE04EC0-301F-11D3-BF4B-00C04F79EFBC}") = "Weblog.DynamicDomainObject", "Weblog.DynamicDomainObject\Weblog.DynamicDomainObject.csproj", "{B374DD06-EBAF-485B-94EE-3BAADDF41763}"
EndProject
Project("{FAE04EC0-301F-11D3-BF4B-00C04F79EFBC}") = "Weblog.DynamicDomainObject.Test", "Weblog.DynamicDomainObject.Test\Weblog.DynamicDomainObject.Test.csproj", "{4594A324-59D1-4CDF-91CA-28A405DF928C}"
EndProject
Global
	GlobalSection(SolutionConfigurationPlatforms) = preSolution
		Debug|Any CPU = Debug|Any CPU
		Release|Any CPU = Release|Any CPU
	EndGlobalSection
	GlobalSection(ProjectConfigurationPlatforms) = postSolution
		{B374DD06-EBAF-485B-94EE-3BAADDF41763}.Debug|Any CPU.ActiveCfg = Debug|Any CPU
		{B374DD06-EBAF-485B-94EE-3BAADDF41763}.Debug|Any CPU.Build.0 = Debug|Any CPU
		{B374DD06-EBAF-485B-94EE-3BAADDF41763}.Release|Any CPU.ActiveCfg = Release|Any CPU
		{B374DD06-EBAF-485B-94EE-3BAADDF41763}.Release|Any CPU.Build.0 = Release|Any CPU
		{4594A324-59D1-4CDF-91CA-28A405DF928C}.Debug|Any CPU.ActiveCfg = Debug|Any CPU
		{4594A324-59D1-4CDF-91CA-28A405DF928C}.Debug|Any CPU.Build.0 = Debug|Any CPU
		{4594A324-59D1-4CDF-91CA-28A405DF928C}.Release|Any CPU.ActiveCfg = Release|Any CPU
		{4594A324-59D1-4CDF-91CA-28A405DF928C}.Release|Any CPU.Build.0 = Release|Any CPU
	EndGlobalSection
	GlobalSection(SolutionProperties) = preSolution
		HideSolutionNode = FALSE
	EndGlobalSection
EndGlobal
